# THIS IS AN AUTOGENERATED FILE. DO NOT EDIT THIS FILE DIRECTLY.
# yarn lockfile v1


"@hyoga/uni-socket.io@^3.0.4":
  version "3.0.4"
  resolved "https://registry.yarnpkg.com/@hyoga/uni-socket.io/-/uni-socket.io-3.0.4.tgz#0c7a321197bc5deb60af9481fd906fe167111340"
  integrity sha512-m04M/ALXpTWcKoJGPDMzJosmzuopyAXF51DFN/qxLyXnbCFeQwsWOXT/XNLl4aWoBVGwQ7IptECFFRCA6z5C8A==

dayjs@^1.10.6:
  version "1.10.6"
  resolved "https://registry.yarnpkg.com/dayjs/-/dayjs-1.10.6.tgz#288b2aa82f2d8418a6c9d4df5898c0737ad02a63"
  integrity sha512-AztC/IOW4L1Q41A86phW5Thhcrco3xuAA+YX/BLpLWWjRcTj5TOt/QImBLmCKlrF7u7k47arTnOyL6GnbG8Hvw==

uni-read-pages@^1.0.5:
  version "1.0.5"
  resolved "https://registry.yarnpkg.com/uni-read-pages/-/uni-read-pages-1.0.5.tgz#452c8dcaa8977bbaef600909be926c8d9704387c"
  integrity sha512-GkrrZ0LX0vn9R5k6RKEi0Ez3Q3e2vUpjXQ8Z6/K/d28KudI9ajqgt8WEjQFlG5EPm1K6uTArN8LlqmZTEixDUA==

uni-simple-router@^2.0.7:
  version "2.0.7"
  resolved "https://registry.yarnpkg.com/uni-simple-router/-/uni-simple-router-2.0.7.tgz#04e0b5be6cd733a1ecb9d35a3dbe82f27f48204e"
  integrity sha512-8FKv5dw7Eoonm0gkO8udprrxzin0fNUI0+AvIphFkFRH5ZmP5ZWJ2pvnWzb2NiiqQSECTSU5VSB7HhvOSwD5eA==
